
Microsoft Visual Studio Solution File, Format Version 12.00
# Visual Studio Version 17
VisualStudioVersion = 17.13.35825.156 d17.13
MinimumVisualStudioVersion = 10.0.40219.1
Project("{FAE04EC0-301F-11D3-BF4B-00C04F79EFBC}") = "consApp_Timer", "consApp_Timer.csproj", "{00C5257A-9265-442E-AAD5-52F43CA7BB0A}"
EndProject
Global
	GlobalSection(SolutionConfigurationPlatforms) = preSolution
		Debug|Any CPU = Debug|Any CPU
		Release|Any CPU = Release|Any CPU
	EndGlobalSection
	GlobalSection(ProjectConfigurationPlatforms) = postSolution
		{00C5257A-9265-442E-AAD5-52F43CA7BB0A}.Debug|Any CPU.ActiveCfg = Debug|Any CPU
		{00C5257A-9265-442E-AAD5-52F43CA7BB0A}.Debug|Any CPU.Build.0 = Debug|Any CPU
		{00C5257A-9265-442E-AAD5-52F43CA7BB0A}.Release|Any CPU.ActiveCfg = Release|Any CPU
		{00C5257A-9265-442E-AAD5-52F43CA7BB0A}.Release|Any CPU.Build.0 = Release|Any CPU
	EndGlobalSection
	GlobalSection(SolutionProperties) = preSolution
		HideSolutionNode = FALSE
	EndGlobalSection
	GlobalSection(ExtensibilityGlobals) = postSolution
		SolutionGuid = {AF79A4B7-AC52-411C-B642-46CCD94EAA95}
	EndGlobalSection
EndGlobal
